
Microsoft Visual Studio Solution File, Format Version 11.00
# Visual Studio 2010
Project("{FAE04EC0-301F-11D3-BF4B-00C04F79EFBC}") = "Patterns", "Patterns\Patterns.csproj", "{8F2F12D6-EA87-41CD-9271-DF2F6444F6BB}"
EndProject
Project("{FAE04EC0-301F-11D3-BF4B-00C04F79EFBC}") = "Patterns.Tests", "Patterns.Tests\Patterns.Tests.csproj", "{CAA67184-EBB7-49AD-AF18-FE718AD37946}"
EndProject
Project("{2150E333-8FDC-42A3-9474-1A3956D46DE8}") = "Solution Items", "Solution Items", "{E1CCFA85-CBED-44F3-8560-30499EA951E7}"
	ProjectSection(SolutionItems) = preProject
		GOF.vsmdi = GOF.vsmdi
		Local.testsettings = Local.testsettings
		TraceAndTestImpact.testsettings = TraceAndTestImpact.testsettings
	EndProjectSection
EndProject
Global
	GlobalSection(SolutionConfigurationPlatforms) = preSolution
		Debug|Any CPU = Debug|Any CPU
		Release|Any CPU = Release|Any CPU
	EndGlobalSection
	GlobalSection(ProjectConfigurationPlatforms) = postSolution
		{8F2F12D6-EA87-41CD-9271-DF2F6444F6BB}.Debug|Any CPU.ActiveCfg = Debug|Any CPU
		{8F2F12D6-EA87-41CD-9271-DF2F6444F6BB}.Debug|Any CPU.Build.0 = Debug|Any CPU
		{8F2F12D6-EA87-41CD-9271-DF2F6444F6BB}.Release|Any CPU.ActiveCfg = Release|Any CPU
		{8F2F12D6-EA87-41CD-9271-DF2F6444F6BB}.Release|Any CPU.Build.0 = Release|Any CPU
		{CAA67184-EBB7-49AD-AF18-FE718AD37946}.Debug|Any CPU.ActiveCfg = Debug|Any CPU
		{CAA67184-EBB7-49AD-AF18-FE718AD37946}.Debug|Any CPU.Build.0 = Debug|Any CPU
		{CAA67184-EBB7-49AD-AF18-FE718AD37946}.Release|Any CPU.ActiveCfg = Release|Any CPU
		{CAA67184-EBB7-49AD-AF18-FE718AD37946}.Release|Any CPU.Build.0 = Release|Any CPU
	EndGlobalSection
	GlobalSection(SolutionProperties) = preSolution
		HideSolutionNode = FALSE
	EndGlobalSection
EndGlobal
